// !$*UTF8*$!
{
	archiveVersion = 1;
	classes = {
	};
	objectVersion = 56;
	objects = {

/* Begin PBXBuildFile section */
		107D4EB6293653130013B968 /* AppDelegate.swift in Sources */ = {isa = PBXBuildFile; fileRef = 107D4EB5293653130013B968 /* AppDelegate.swift */; };
		107D4EB8293653130013B968 /* ContentView.swift in Sources */ = {isa = PBXBuildFile; fileRef = 107D4EB7293653130013B968 /* ContentView.swift */; };
		107D4EBA293653130013B968 /* Experience.rcproject in Sources */ = {isa = PBXBuildFile; fileRef = 107D4EB9293653130013B968 /* Experience.rcproject */; };
		107D4EBC293653160013B968 /* Assets.xcassets in Resources */ = {isa = PBXBuildFile; fileRef = 107D4EBB293653160013B968 /* Assets.xcassets */; };
		107D4EBF293653160013B968 /* Preview Assets.xcassets in Resources */ = {isa = PBXBuildFile; fileRef = 107D4EBE293653160013B968 /* Preview Assets.xcassets */; };
		107D4EC9293656370013B968 /* toy_byplane.usdz in Resources */ = {isa = PBXBuildFile; fileRef = 107D4EC6293656350013B968 /* toy_byplane.usdz */; };
		107D4ECA293656370013B968 /* toy_car.usdz in Resources */ = {isa = PBXBuildFile; fileRef = 107D4EC7293656360013B968 /* toy_car.usdz */; };
		107D4ECB293656370013B968 /* toy_robot_vintage.usdz in Resources */ = {isa = PBXBuildFile; fileRef = 107D4EC8293656370013B968 /* toy_robot_vintage.usdz */; };
		107D4ECD29367A7B0013B968 /* Model.swift in Sources */ = {isa = PBXBuildFile; fileRef = 107D4ECC29367A7B0013B968 /* Model.swift */; };
		10BB87FA295E05D400D180C4 /* ModelPickerView.swift in Sources */ = {isa = PBXBuildFile; fileRef = 10BB87F9295E05D400D180C4 /* ModelPickerView.swift */; };
		10BB87FC295E067700D180C4 /* ARViewContainer.swift in Sources */ = {isa = PBXBuildFile; fileRef = 10BB87FB295E067700D180C4 /* ARViewContainer.swift */; };
		10BB87FE295E06EA00D180C4 /* PlacementButtonsView.swift in Sources */ = {isa = PBXBuildFile; fileRef = 10BB87FD295E06EA00D180C4 /* PlacementButtonsView.swift */; };
		10BB8801295F2AC200D180C4 /* FocusEntity in Frameworks */ = {isa = PBXBuildFile; productRef = 10BB8800295F2AC200D180C4 /* FocusEntity */; };
		10BB8805295F34D300D180C4 /* FocusARView.swift in Sources */ = {isa = PBXBuildFile; fileRef = 10BB8804295F34D300D180C4 /* FocusARView.swift */; };
		10BB880A295F3C2A00D180C4 /* TexturePickerView.swift in Sources */ = {isa = PBXBuildFile; fileRef = 10BB8809295F3C2A00D180C4 /* TexturePickerView.swift */; };
		10BB8811295F3EC600D180C4 /* the_three_cone.usdz in Resources */ = {isa = PBXBuildFile; fileRef = 10BB880B295F3EC400D180C4 /* the_three_cone.usdz */; };
		10BB8812295F3EC600D180C4 /* daavid_cone.usdz in Resources */ = {isa = PBXBuildFile; fileRef = 10BB880C295F3EC500D180C4 /* daavid_cone.usdz */; };
		10BB8813295F3EC600D180C4 /* the_nine_cone.usdz in Resources */ = {isa = PBXBuildFile; fileRef = 10BB880D295F3EC500D180C4 /* the_nine_cone.usdz */; };
		10BB8814295F3EC600D180C4 /* the_seven_cone.usdz in Resources */ = {isa = PBXBuildFile; fileRef = 10BB880E295F3EC500D180C4 /* the_seven_cone.usdz */; };
		10BB8815295F3EC600D180C4 /* the_eighteen_cone.usdz in Resources */ = {isa = PBXBuildFile; fileRef = 10BB880F295F3EC500D180C4 /* the_eighteen_cone.usdz */; };
		10BB8816295F3EC600D180C4 /* anndy_cone.usdz in Resources */ = {isa = PBXBuildFile; fileRef = 10BB8810295F3EC500D180C4 /* anndy_cone.usdz */; };
/* End PBXBuildFile section */

/* Begin PBXFileReference section */
		107D4EB2293653130013B968 /* ModelPickerApp.app */ = {isa = PBXFileReference; explicitFileType = wrapper.application; includeInIndex = 0; path = ModelPickerApp.app; sourceTree = BUILT_PRODUCTS_DIR; };
		107D4EB5293653130013B968 /* AppDelegate.swift */ = {isa = PBXFileReference; lastKnownFileType = sourcecode.swift; path = AppDelegate.swift; sourceTree = "<group>"; };
		107D4EB7293653130013B968 /* ContentView.swift */ = {isa = PBXFileReference; lastKnownFileType = sourcecode.swift; path = ContentView.swift; sourceTree = "<group>"; };
		107D4EB9293653130013B968 /* Experience.rcproject */ = {isa = PBXFileReference; lastKnownFileType = file.rcproject; path = Experience.rcproject; sourceTree = "<group>"; };
		107D4EBB293653160013B968 /* Assets.xcassets */ = {isa = PBXFileReference; lastKnownFileType = folder.assetcatalog; path = Assets.xcassets; sourceTree = "<group>"; };
		107D4EBE293653160013B968 /* Preview Assets.xcassets */ = {isa = PBXFileReference; lastKnownFileType = folder.assetcatalog; path = "Preview Assets.xcassets"; sourceTree = "<group>"; };
		107D4EC6293656350013B968 /* toy_byplane.usdz */ = {isa = PBXFileReference; lastKnownFileType = file.usdz; path = toy_byplane.usdz; sourceTree = "<group>"; };
		107D4EC7293656360013B968 /* toy_car.usdz */ = {isa = PBXFileReference; lastKnownFileType = file.usdz; path = toy_car.usdz; sourceTree = "<group>"; };
		107D4EC8293656370013B968 /* toy_robot_vintage.usdz */ = {isa = PBXFileReference; lastKnownFileType = file.usdz; path = toy_robot_vintage.usdz; sourceTree = "<group>"; };
		107D4ECC29367A7B0013B968 /* Model.swift */ = {isa = PBXFileReference; lastKnownFileType = sourcecode.swift; path = Model.swift; sourceTree = "<group>"; };
		10BB87F9295E05D400D180C4 /* ModelPickerView.swift */ = {isa = PBXFileReference; lastKnownFileType = sourcecode.swift; path = ModelPickerView.swift; sourceTree = "<group>"; };
		10BB87FB295E067700D180C4 /* ARViewContainer.swift */ = {isa = PBXFileReference; lastKnownFileType = sourcecode.swift; path = ARViewContainer.swift; sourceTree = "<group>"; };
		10BB87FD295E06EA00D180C4 /* PlacementButtonsView.swift */ = {isa = PBXFileReference; lastKnownFileType = sourcecode.swift; path = PlacementButtonsView.swift; sourceTree = "<group>"; };
		10BB8804295F34D300D180C4 /* FocusARView.swift */ = {isa = PBXFileReference; lastKnownFileType = sourcecode.swift; path = FocusARView.swift; sourceTree = "<group>"; };
		10BB8809295F3C2A00D180C4 /* TexturePickerView.swift */ = {isa = PBXFileReference; lastKnownFileType = sourcecode.swift; path = TexturePickerView.swift; sourceTree = "<group>"; };
		10BB880B295F3EC400D180C4 /* the_three_cone.usdz */ = {isa = PBXFileReference; lastKnownFileType = file.usdz; path = the_three_cone.usdz; sourceTree = "<group>"; };
		10BB880C295F3EC500D180C4 /* daavid_cone.usdz */ = {isa = PBXFileReference; lastKnownFileType = file.usdz; path = daavid_cone.usdz; sourceTree = "<group>"; };
		10BB880D295F3EC500D180C4 /* the_nine_cone.usdz */ = {isa = PBXFileReference; lastKnownFileType = file.usdz; path = the_nine_cone.usdz; sourceTree = "<group>"; };
		10BB880E295F3EC500D180C4 /* the_seven_cone.usdz */ = {isa = PBXFileReference; lastKnownFileType = file.usdz; path = the_seven_cone.usdz; sourceTree = "<group>"; };
		10BB880F295F3EC500D180C4 /* the_eighteen_cone.usdz */ = {isa = PBXFileReference; lastKnownFileType = file.usdz; path = the_eighteen_cone.usdz; sourceTree = "<group>"; };
		10BB8810295F3EC500D180C4 /* anndy_cone.usdz */ = {isa = PBXFileReference; lastKnownFileType = file.usdz; path = anndy_cone.usdz; sourceTree = "<group>"; };
/* End PBXFileReference section */

/* Begin PBXFrameworksBuildPhase section */
		107D4EAF293653130013B968 /* Frameworks */ = {
			isa = PBXFrameworksBuildPhase;
			buildActionMask = 2147483647;
			files = (
				10BB8801295F2AC200D180C4 /* FocusEntity in Frameworks */,
			);
			runOnlyForDeploymentPostprocessing = 0;
		};
/* End PBXFrameworksBuildPhase section */

/* Begin PBXGroup section */
		107D4EA9293653130013B968 = {
			isa = PBXGroup;
			children = (
				107D4EB4293653130013B968 /* ModelPickerApp */,
				107D4EB3293653130013B968 /* Products */,
			);
			sourceTree = "<group>";
		};
		107D4EB3293653130013B968 /* Products */ = {
			isa = PBXGroup;
			children = (
				107D4EB2293653130013B968 /* ModelPickerApp.app */,
			);
			name = Products;
			sourceTree = "<group>";
		};
		107D4EB4293653130013B968 /* ModelPickerApp */ = {
			isa = PBXGroup;
			children = (
				10BB8808295F3ADE00D180C4 /* Models */,
				10BB8806295F3A9000D180C4 /* Views */,
				107D4EB5293653130013B968 /* AppDelegate.swift */,
				107D4EC5293655F00013B968 /* 3DModels */,
				107D4EB9293653130013B968 /* Experience.rcproject */,
				107D4EBB293653160013B968 /* Assets.xcassets */,
				107D4EBD293653160013B968 /* Preview Content */,
			);
			path = ModelPickerApp;
			sourceTree = "<group>";
		};
		107D4EBD293653160013B968 /* Preview Content */ = {
			isa = PBXGroup;
			children = (
				107D4EBE293653160013B968 /* Preview Assets.xcassets */,
			);
			path = "Preview Content";
			sourceTree = "<group>";
		};
		107D4EC5293655F00013B968 /* 3DModels */ = {
			isa = PBXGroup;
			children = (
				10BB8810295F3EC500D180C4 /* anndy_cone.usdz */,
				10BB880C295F3EC500D180C4 /* daavid_cone.usdz */,
				10BB880F295F3EC500D180C4 /* the_eighteen_cone.usdz */,
				10BB880D295F3EC500D180C4 /* the_nine_cone.usdz */,
				10BB880E295F3EC500D180C4 /* the_seven_cone.usdz */,
				10BB880B295F3EC400D180C4 /* the_three_cone.usdz */,
				107D4EC6293656350013B968 /* toy_byplane.usdz */,
				107D4EC7293656360013B968 /* toy_car.usdz */,
				107D4EC8293656370013B968 /* toy_robot_vintage.usdz */,
			);
			path = 3DModels;
			sourceTree = "<group>";
		};
		10BB8806295F3A9000D180C4 /* Views */ = {
			isa = PBXGroup;
			children = (
				10BB8807295F3AB800D180C4 /* AR */,
				10BB87F9295E05D400D180C4 /* ModelPickerView.swift */,
				10BB87FD295E06EA00D180C4 /* PlacementButtonsView.swift */,
				107D4EB7293653130013B968 /* ContentView.swift */,
				10BB8809295F3C2A00D180C4 /* TexturePickerView.swift */,
			);
			path = Views;
			sourceTree = "<group>";
		};
		10BB8807295F3AB800D180C4 /* AR */ = {
			isa = PBXGroup;
			children = (
				10BB8804295F34D300D180C4 /* FocusARView.swift */,
				10BB87FB295E067700D180C4 /* ARViewContainer.swift */,
			);
			path = AR;
			sourceTree = "<group>";
		};
		10BB8808295F3ADE00D180C4 /* Models */ = {
			isa = PBXGroup;
			children = (
				107D4ECC29367A7B0013B968 /* Model.swift */,
			);
			path = Models;
			sourceTree = "<group>";
		};
/* End PBXGroup section */

/* Begin PBXNativeTarget section */
		107D4EB1293653130013B968 /* ModelPickerApp */ = {
			isa = PBXNativeTarget;
			buildConfigurationList = 107D4EC2293653160013B968 /* Build configuration list for PBXNativeTarget "ModelPickerApp" */;
			buildPhases = (
				107D4EAE293653130013B968 /* Sources */,
				107D4EAF293653130013B968 /* Frameworks */,
				107D4EB0293653130013B968 /* Resources */,
			);
			buildRules = (
			);
			dependencies = (
			);
			name = ModelPickerApp;
			packageProductDependencies = (
				10BB8800295F2AC200D180C4 /* FocusEntity */,
			);
			productName = ModelPickerApp;
			productReference = 107D4EB2293653130013B968 /* ModelPickerApp.app */;
			productType = "com.apple.product-type.application";
		};
/* End PBXNativeTarget section */

/* Begin PBXProject section */
		107D4EAA293653130013B968 /* Project object */ = {
			isa = PBXProject;
			attributes = {
				BuildIndependentTargetsInParallel = 1;
				LastSwiftUpdateCheck = 1410;
				LastUpgradeCheck = 1410;
				TargetAttributes = {
					107D4EB1293653130013B968 = {
						CreatedOnToolsVersion = 14.1;
					};
				};
			};
			buildConfigurationList = 107D4EAD293653130013B968 /* Build configuration list for PBXProject "ModelPickerApp" */;
			compatibilityVersion = "Xcode 14.0";
			developmentRegion = en;
			hasScannedForEncodings = 0;
			knownRegions = (
				en,
				Base,
			);
			mainGroup = 107D4EA9293653130013B968;
			packageReferences = (
				10BB87FF295F2AC200D180C4 /* XCRemoteSwiftPackageReference "FocusEntity" */,
			);
			productRefGroup = 107D4EB3293653130013B968 /* Products */;
			projectDirPath = "";
			projectRoot = "";
			targets = (
				107D4EB1293653130013B968 /* ModelPickerApp */,
			);
		};
/* End PBXProject section */

/* Begin PBXResourcesBuildPhase section */
		107D4EB0293653130013B968 /* Resources */ = {
			isa = PBXResourcesBuildPhase;
			buildActionMask = 2147483647;
			files = (
				107D4EC9293656370013B968 /* toy_byplane.usdz in Resources */,
				10BB8811295F3EC600D180C4 /* the_three_cone.usdz in Resources */,
				107D4ECB293656370013B968 /* toy_robot_vintage.usdz in Resources */,
				10BB8812295F3EC600D180C4 /* daavid_cone.usdz in Resources */,
				10BB8816295F3EC600D180C4 /* anndy_cone.usdz in Resources */,
				10BB8813295F3EC600D180C4 /* the_nine_cone.usdz in Resources */,
				10BB8815295F3EC600D180C4 /* the_eighteen_cone.usdz in Resources */,
				10BB8814295F3EC600D180C4 /* the_seven_cone.usdz in Resources */,
				107D4ECA293656370013B968 /* toy_car.usdz in Resources */,
				107D4EBF293653160013B968 /* Preview Assets.xcassets in Resources */,
				107D4EBC293653160013B968 /* Assets.xcassets in Resources */,
			);
			runOnlyForDeploymentPostprocessing = 0;
		};
/* End PBXResourcesBuildPhase section */

/* Begin PBXSourcesBuildPhase section */
		107D4EAE293653130013B968 /* Sources */ = {
			isa = PBXSourcesBuildPhase;
			buildActionMask = 2147483647;
			files = (
				107D4EB8293653130013B968 /* ContentView.swift in Sources */,
				107D4EB6293653130013B968 /* AppDelegate.swift in Sources */,
				10BB8805295F34D300D180C4 /* FocusARView.swift in Sources */,
				10BB87FA295E05D400D180C4 /* ModelPickerView.swift in Sources */,
				10BB87FE295E06EA00D180C4 /* PlacementButtonsView.swift in Sources */,
				10BB880A295F3C2A00D180C4 /* TexturePickerView.swift in Sources */,
				107D4EBA293653130013B968 /* Experience.rcproject in Sources */,
				107D4ECD29367A7B0013B968 /* Model.swift in Sources */,
				10BB87FC295E067700D180C4 /* ARViewContainer.swift in Sources */,
			);
			runOnlyForDeploymentPostprocessing = 0;
		};
/* End PBXSourcesBuildPhase section */

/* Begin XCBuildConfiguration section */
		107D4EC0293653160013B968 /* Debug */ = {
			isa = XCBuildConfiguration;
			buildSettings = {
				ALWAYS_SEARCH_USER_PATHS = NO;
				CLANG_ANALYZER_NONNULL = YES;
				CLANG_ANALYZER_NUMBER_OBJECT_CONVERSION = YES_AGGRESSIVE;
				CLANG_CXX_LANGUAGE_STANDARD = "gnu++20";
				CLANG_ENABLE_MODULES = YES;
				CLANG_ENABLE_OBJC_ARC = YES;
				CLANG_ENABLE_OBJC_WEAK = YES;
				CLANG_WARN_BLOCK_CAPTURE_AUTORELEASING = YES;
				CLANG_WARN_BOOL_CONVERSION = YES;
				CLANG_WARN_COMMA = YES;
				CLANG_WARN_CONSTANT_CONVERSION = YES;
				CLANG_WARN_DEPRECATED_OBJC_IMPLEMENTATIONS = YES;
				CLANG_WARN_DIRECT_OBJC_ISA_USAGE = YES_ERROR;
				CLANG_WARN_DOCUMENTATION_COMMENTS = YES;
				CLANG_WARN_EMPTY_BODY = YES;
				CLANG_WARN_ENUM_CONVERSION = YES;
				CLANG_WARN_INFINITE_RECURSION = YES;
				CLANG_WARN_INT_CONVERSION = YES;
				CLANG_WARN_NON_LITERAL_NULL_CONVERSION = YES;
				CLANG_WARN_OBJC_IMPLICIT_RETAIN_SELF = YES;
				CLANG_WARN_OBJC_LITERAL_CONVERSION = YES;
				CLANG_WARN_OBJC_ROOT_CLASS = YES_ERROR;
				CLANG_WARN_QUOTED_INCLUDE_IN_FRAMEWORK_HEADER = YES;
				CLANG_WARN_RANGE_LOOP_ANALYSIS = YES;
				CLANG_WARN_STRICT_PROTOTYPES = YES;
				CLANG_WARN_SUSPICIOUS_MOVE = YES;
				CLANG_WARN_UNGUARDED_AVAILABILITY = YES_AGGRESSIVE;
				CLANG_WARN_UNREACHABLE_CODE = YES;
				CLANG_WARN__DUPLICATE_METHOD_MATCH = YES;
				COPY_PHASE_STRIP = NO;
				DEBUG_INFORMATION_FORMAT = dwarf;
				ENABLE_STRICT_OBJC_MSGSEND = YES;
				ENABLE_TESTABILITY = YES;
				GCC_C_LANGUAGE_STANDARD = gnu11;
				GCC_DYNAMIC_NO_PIC = NO;
				GCC_NO_COMMON_BLOCKS = YES;
				GCC_OPTIMIZATION_LEVEL = 0;
				GCC_PREPROCESSOR_DEFINITIONS = (
					"DEBUG=1",
					"$(inherited)",
				);
				GCC_WARN_64_TO_32_BIT_CONVERSION = YES;
				GCC_WARN_ABOUT_RETURN_TYPE = YES_ERROR;
				GCC_WARN_UNDECLARED_SELECTOR = YES;
				GCC_WARN_UNINITIALIZED_AUTOS = YES_AGGRESSIVE;
				GCC_WARN_UNUSED_FUNCTION = YES;
				GCC_WARN_UNUSED_VARIABLE = YES;
				IPHONEOS_DEPLOYMENT_TARGET = 16.1;
				MTL_ENABLE_DEBUG_INFO = INCLUDE_SOURCE;
				MTL_FAST_MATH = YES;
				ONLY_ACTIVE_ARCH = YES;
				SDKROOT = iphoneos;
				SWIFT_ACTIVE_COMPILATION_CONDITIONS = DEBUG;
				SWIFT_OPTIMIZATION_LEVEL = "-Onone";
			};
			name = Debug;
		};
		107D4EC1293653160013B968 /* Release */ = {
			isa = XCBuildConfiguration;
			buildSettings = {
				ALWAYS_SEARCH_USER_PATHS = NO;
				CLANG_ANALYZER_NONNULL = YES;
				CLANG_ANALYZER_NUMBER_OBJECT_CONVERSION = YES_AGGRESSIVE;
				CLANG_CXX_LANGUAGE_STANDARD = "gnu++20";
				CLANG_ENABLE_MODULES = YES;
				CLANG_ENABLE_OBJC_ARC = YES;
				CLANG_ENABLE_OBJC_WEAK = YES;
				CLANG_WARN_BLOCK_CAPTURE_AUTORELEASING = YES;
				CLANG_WARN_BOOL_CONVERSION = YES;
				CLANG_WARN_COMMA = YES;
				CLANG_WARN_CONSTANT_CONVERSION = YES;
				CLANG_WARN_DEPRECATED_OBJC_IMPLEMENTATIONS = YES;
				CLANG_WARN_DIRECT_OBJC_ISA_USAGE = YES_ERROR;
				CLANG_WARN_DOCUMENTATION_COMMENTS = YES;
				CLANG_WARN_EMPTY_BODY = YES;
				CLANG_WARN_ENUM_CONVERSION = YES;
				CLANG_WARN_INFINITE_RECURSION = YES;
				CLANG_WARN_INT_CONVERSION = YES;
				CLANG_WARN_NON_LITERAL_NULL_CONVERSION = YES;
				CLANG_WARN_OBJC_IMPLICIT_RETAIN_SELF = YES;
				CLANG_WARN_OBJC_LITERAL_CONVERSION = YES;
				CLANG_WARN_OBJC_ROOT_CLASS = YES_ERROR;
				CLANG_WARN_QUOTED_INCLUDE_IN_FRAMEWORK_HEADER = YES;
				CLANG_WARN_RANGE_LOOP_ANALYSIS = YES;
				CLANG_WARN_STRICT_PROTOTYPES = YES;
				CLANG_WARN_SUSPICIOUS_MOVE = YES;
				CLANG_WARN_UNGUARDED_AVAILABILITY = YES_AGGRESSIVE;
				CLANG_WARN_UNREACHABLE_CODE = YES;
				CLANG_WARN__DUPLICATE_METHOD_MATCH = YES;
				COPY_PHASE_STRIP = NO;
				DEBUG_INFORMATION_FORMAT = "dwarf-with-dsym";
				ENABLE_NS_ASSERTIONS = NO;
				ENABLE_STRICT_OBJC_MSGSEND = YES;
				GCC_C_LANGUAGE_STANDARD = gnu11;
				GCC_NO_COMMON_BLOCKS = YES;
				GCC_WARN_64_TO_32_BIT_CONVERSION = YES;
				GCC_WARN_ABOUT_RETURN_TYPE = YES_ERROR;
				GCC_WARN_UNDECLARED_SELECTOR = YES;
				GCC_WARN_UNINITIALIZED_AUTOS = YES_AGGRESSIVE;
				GCC_WARN_UNUSED_FUNCTION = YES;
				GCC_WARN_UNUSED_VARIABLE = YES;
				IPHONEOS_DEPLOYMENT_TARGET = 16.1;
				MTL_ENABLE_DEBUG_INFO = NO;
				MTL_FAST_MATH = YES;
				SDKROOT = iphoneos;
				SWIFT_COMPILATION_MODE = wholemodule;
				SWIFT_OPTIMIZATION_LEVEL = "-O";
				VALIDATE_PRODUCT = YES;
			};
			name = Release;
		};
		107D4EC3293653160013B968 /* Debug */ = {
			isa = XCBuildConfiguration;
			buildSettings = {
				ASSETCATALOG_COMPILER_APPICON_NAME = AppIcon;
				ASSETCATALOG_COMPILER_GLOBAL_ACCENT_COLOR_NAME = AccentColor;
				CODE_SIGN_STYLE = Automatic;
				CURRENT_PROJECT_VERSION = 1;
				DEVELOPMENT_ASSET_PATHS = "\"ModelPickerApp/Preview Content\"";
				DEVELOPMENT_TEAM = H57Z8PWG38;
				ENABLE_PREVIEWS = YES;
				GENERATE_INFOPLIST_FILE = YES;
				INFOPLIST_KEY_NSCameraUsageDescription = "Neeeded for ARView";
				INFOPLIST_KEY_UIApplicationSupportsIndirectInputEvents = YES;
				INFOPLIST_KEY_UILaunchScreen_Generation = YES;
				INFOPLIST_KEY_UIRequiredDeviceCapabilities = arkit;
				INFOPLIST_KEY_UIStatusBarHidden = YES;
				INFOPLIST_KEY_UISupportedInterfaceOrientations_iPad = "UIInterfaceOrientationPortrait UIInterfaceOrientationPortraitUpsideDown UIInterfaceOrientationLandscapeLeft UIInterfaceOrientationLandscapeRight";
				INFOPLIST_KEY_UISupportedInterfaceOrientations_iPhone = "UIInterfaceOrientationPortrait UIInterfaceOrientationLandscapeLeft UIInterfaceOrientationLandscapeRight";
				IPHONEOS_DEPLOYMENT_TARGET = 15.5;
				LD_RUNPATH_SEARCH_PATHS = (
					"$(inherited)",
					"@executable_path/Frameworks",
				);
				MARKETING_VERSION = 1.0;
				PRODUCT_BUNDLE_IDENTIFIER = be.sts.ModelPickerApp;
				PRODUCT_NAME = "$(TARGET_NAME)";
				SUPPORTED_PLATFORMS = "iphoneos iphonesimulator";
				SUPPORTS_MACCATALYST = NO;
				SUPPORTS_MAC_DESIGNED_FOR_IPHONE_IPAD = YES;
				SWIFT_EMIT_LOC_STRINGS = YES;
				SWIFT_VERSION = 5.0;
				TARGETED_DEVICE_FAMILY = "1,2";
			};
			name = Debug;
		};
		107D4EC4293653160013B968 /* Release */ = {
			isa = XCBuildConfiguration;
			buildSettings = {
				ASSETCATALOG_COMPILER_APPICON_NAME = AppIcon;
				ASSETCATALOG_COMPILER_GLOBAL_ACCENT_COLOR_NAME = AccentColor;
				CODE_SIGN_STYLE = Automatic;
				CURRENT_PROJECT_VERSION = 1;
				DEVELOPMENT_ASSET_PATHS = "\"ModelPickerApp/Preview Content\"";
				DEVELOPMENT_TEAM = H57Z8PWG38;
				ENABLE_PREVIEWS = YES;
				GENERATE_INFOPLIST_FILE = YES;
				INFOPLIST_KEY_NSCameraUsageDescription = "Neeeded for ARView";
				INFOPLIST_KEY_UIApplicationSupportsIndirectInputEvents = YES;
				INFOPLIST_KEY_UILaunchScreen_Generation = YES;
				INFOPLIST_KEY_UIRequiredDeviceCapabilities = arkit;
				INFOPLIST_KEY_UIStatusBarHidden = YES;
				INFOPLIST_KEY_UISupportedInterfaceOrientations_iPad = "UIInterfaceOrientationPortrait UIInterfaceOrientationPortraitUpsideDown UIInterfaceOrientationLandscapeLeft UIInterfaceOrientationLandscapeRight";
				INFOPLIST_KEY_UISupportedInterfaceOrientations_iPhone = "UIInterfaceOrientationPortrait UIInterfaceOrientationLandscapeLeft UIInterfaceOrientationLandscapeRight";
				IPHONEOS_DEPLOYMENT_TARGET = 15.5;
				LD_RUNPATH_SEARCH_PATHS = (
					"$(inherited)",
					"@executable_path/Frameworks",
				);
				MARKETING_VERSION = 1.0;
				PRODUCT_BUNDLE_IDENTIFIER = be.sts.ModelPickerApp;
				PRODUCT_NAME = "$(TARGET_NAME)";
				SUPPORTED_PLATFORMS = "iphoneos iphonesimulator";
				SUPPORTS_MACCATALYST = NO;
				SUPPORTS_MAC_DESIGNED_FOR_IPHONE_IPAD = YES;
				SWIFT_EMIT_LOC_STRINGS = YES;
				SWIFT_VERSION = 5.0;
				TARGETED_DEVICE_FAMILY = "1,2";
			};
			name = Release;
		};
/* End XCBuildConfiguration section */

/* Begin XCConfigurationList section */
		107D4EAD293653130013B968 /* Build configuration list for PBXProject "ModelPickerApp" */ = {
			isa = XCConfigurationList;
			buildConfigurations = (
				107D4EC0293653160013B968 /* Debug */,
				107D4EC1293653160013B968 /* Release */,
			);
			defaultConfigurationIsVisible = 0;
			defaultConfigurationName = Release;
		};
		107D4EC2293653160013B968 /* Build configuration list for PBXNativeTarget "ModelPickerApp" */ = {
			isa = XCConfigurationList;
			buildConfigurations = (
				107D4EC3293653160013B968 /* Debug */,
				107D4EC4293653160013B968 /* Release */,
			);
			defaultConfigurationIsVisible = 0;
			defaultConfigurationName = Release;
		};
/* End XCConfigurationList section */

/* Begin XCRemoteSwiftPackageReference section */
		10BB87FF295F2AC200D180C4 /* XCRemoteSwiftPackageReference "FocusEntity" */ = {
			isa = XCRemoteSwiftPackageReference;
			repositoryURL = "https://github.com/maxxfrazer/FocusEntity.git";
			requirement = {
				kind = upToNextMajorVersion;
				minimumVersion = 2.0.0;
			};
		};
/* End XCRemoteSwiftPackageReference section */

/* Begin XCSwiftPackageProductDependency section */
		10BB8800295F2AC200D180C4 /* FocusEntity */ = {
			isa = XCSwiftPackageProductDependency;
			package = 10BB87FF295F2AC200D180C4 /* XCRemoteSwiftPackageReference "FocusEntity" */;
			productName = FocusEntity;
		};
/* End XCSwiftPackageProductDependency section */
	};
	rootObject = 107D4EAA293653130013B968 /* Project object */;
}
